// !$*UTF8*$!
{
	archiveVersion = 1;
	classes = {
	};
	objectVersion = 54;
	objects = {

/* Begin PBXBuildFile section */
		204CA9D7270AEC91009BD818 /* AppDelegate.swift in Sources */ = {isa = PBXBuildFile; fileRef = 204CA9D6270AEC91009BD818 /* AppDelegate.swift */; };
		204CA9D9270AEC91009BD818 /* SceneDelegate.swift in Sources */ = {isa = PBXBuildFile; fileRef = 204CA9D8270AEC91009BD818 /* SceneDelegate.swift */; };
		204CA9DB270AEC91009BD818 /* ViewController.swift in Sources */ = {isa = PBXBuildFile; fileRef = 204CA9DA270AEC91009BD818 /* ViewController.swift */; };
		204CA9DE270AEC91009BD818 /* Main.storyboard in Resources */ = {isa = PBXBuildFile; fileRef = 204CA9DC270AEC91009BD818 /* Main.storyboard */; };
		204CA9E0270AEC92009BD818 /* Assets.xcassets in Resources */ = {isa = PBXBuildFile; fileRef = 204CA9DF270AEC92009BD818 /* Assets.xcassets */; };
		204CA9E3270AEC92009BD818 /* LaunchScreen.storyboard in Resources */ = {isa = PBXBuildFile; fileRef = 204CA9E1270AEC92009BD818 /* LaunchScreen.storyboard */; };
		204CA9EB270AF06F009BD818 /* User.swift in Sources */ = {isa = PBXBuildFile; fileRef = 204CA9EA270AF06F009BD818 /* User.swift */; };
		204CA9ED270AF445009BD818 /* UserService.swift in Sources */ = {isa = PBXBuildFile; fileRef = 204CA9EC270AF444009BD818 /* UserService.swift */; };
		534D3C55B8C135977179B975 /* Pods_Simple_Moya.framework in Frameworks */ = {isa = PBXBuildFile; fileRef = D1AD46CBB962FFD9A92B8C94 /* Pods_Simple_Moya.framework */; };
/* End PBXBuildFile section */

/* Begin PBXFileReference section */
		204CA9D3270AEC91009BD818 /* Simple Moya.app */ = {isa = PBXFileReference; explicitFileType = wrapper.application; includeInIndex = 0; path = "Simple Moya.app"; sourceTree = BUILT_PRODUCTS_DIR; };
		204CA9D6270AEC91009BD818 /* AppDelegate.swift */ = {isa = PBXFileReference; lastKnownFileType = sourcecode.swift; path = AppDelegate.swift; sourceTree = "<group>"; };
		204CA9D8270AEC91009BD818 /* SceneDelegate.swift */ = {isa = PBXFileReference; lastKnownFileType = sourcecode.swift; path = SceneDelegate.swift; sourceTree = "<group>"; };
		204CA9DA270AEC91009BD818 /* ViewController.swift */ = {isa = PBXFileReference; lastKnownFileType = sourcecode.swift; path = ViewController.swift; sourceTree = "<group>"; };
		204CA9DD270AEC91009BD818 /* Base */ = {isa = PBXFileReference; lastKnownFileType = file.storyboard; name = Base; path = Base.lproj/Main.storyboard; sourceTree = "<group>"; };
		204CA9DF270AEC92009BD818 /* Assets.xcassets */ = {isa = PBXFileReference; lastKnownFileType = folder.assetcatalog; path = Assets.xcassets; sourceTree = "<group>"; };
		204CA9E2270AEC92009BD818 /* Base */ = {isa = PBXFileReference; lastKnownFileType = file.storyboard; name = Base; path = Base.lproj/LaunchScreen.storyboard; sourceTree = "<group>"; };
		204CA9E4270AEC92009BD818 /* Info.plist */ = {isa = PBXFileReference; lastKnownFileType = text.plist.xml; path = Info.plist; sourceTree = "<group>"; };
		204CA9EA270AF06F009BD818 /* User.swift */ = {isa = PBXFileReference; lastKnownFileType = sourcecode.swift; path = User.swift; sourceTree = "<group>"; };
		204CA9EC270AF444009BD818 /* UserService.swift */ = {isa = PBXFileReference; lastKnownFileType = sourcecode.swift; path = UserService.swift; sourceTree = "<group>"; };
		4050A5B3D53E9B7112D67FCE /* Pods-Simple Moya.release.xcconfig */ = {isa = PBXFileReference; includeInIndex = 1; lastKnownFileType = text.xcconfig; name = "Pods-Simple Moya.release.xcconfig"; path = "Target Support Files/Pods-Simple Moya/Pods-Simple Moya.release.xcconfig"; sourceTree = "<group>"; };
		6215B8841170F59F4CB756C7 /* Pods-Simple Moya.debug.xcconfig */ = {isa = PBXFileReference; includeInIndex = 1; lastKnownFileType = text.xcconfig; name = "Pods-Simple Moya.debug.xcconfig"; path = "Target Support Files/Pods-Simple Moya/Pods-Simple Moya.debug.xcconfig"; sourceTree = "<group>"; };
		D1AD46CBB962FFD9A92B8C94 /* Pods_Simple_Moya.framework */ = {isa = PBXFileReference; explicitFileType = wrapper.framework; includeInIndex = 0; path = Pods_Simple_Moya.framework; sourceTree = BUILT_PRODUCTS_DIR; };
/* End PBXFileReference section */

/* Begin PBXFrameworksBuildPhase section */
		204CA9D0270AEC91009BD818 /* Frameworks */ = {
			isa = PBXFrameworksBuildPhase;
			buildActionMask = 2147483647;
			files = (
				534D3C55B8C135977179B975 /* Pods_Simple_Moya.framework in Frameworks */,
			);
			runOnlyForDeploymentPostprocessing = 0;
		};
/* End PBXFrameworksBuildPhase section */

/* Begin PBXGroup section */
		204CA9CA270AEC91009BD818 = {
			isa = PBXGroup;
			children = (
				204CA9D5270AEC91009BD818 /* Simple Moya */,
				204CA9D4270AEC91009BD818 /* Products */,
				C83406FE1F53DA29C5BF78B8 /* Pods */,
				60742C4CC3DE9F9DAECABE86 /* Frameworks */,
			);
			sourceTree = "<group>";
		};
		204CA9D4270AEC91009BD818 /* Products */ = {
			isa = PBXGroup;
			children = (
				204CA9D3270AEC91009BD818 /* Simple Moya.app */,
			);
			name = Products;
			sourceTree = "<group>";
		};
		204CA9D5270AEC91009BD818 /* Simple Moya */ = {
			isa = PBXGroup;
			children = (
				204CA9D6270AEC91009BD818 /* AppDelegate.swift */,
				204CA9D8270AEC91009BD818 /* SceneDelegate.swift */,
				204CA9DA270AEC91009BD818 /* ViewController.swift */,
				204CA9DC270AEC91009BD818 /* Main.storyboard */,
				204CA9DF270AEC92009BD818 /* Assets.xcassets */,
				204CA9E1270AEC92009BD818 /* LaunchScreen.storyboard */,
				204CA9E4270AEC92009BD818 /* Info.plist */,
				204CA9EA270AF06F009BD818 /* User.swift */,
				204CA9EC270AF444009BD818 /* UserService.swift */,
			);
			path = "Simple Moya";
			sourceTree = "<group>";
		};
		60742C4CC3DE9F9DAECABE86 /* Frameworks */ = {
			isa = PBXGroup;
			children = (
				D1AD46CBB962FFD9A92B8C94 /* Pods_Simple_Moya.framework */,
			);
			name = Frameworks;
			sourceTree = "<group>";
		};
		C83406FE1F53DA29C5BF78B8 /* Pods */ = {
			isa = PBXGroup;
			children = (
				6215B8841170F59F4CB756C7 /* Pods-Simple Moya.debug.xcconfig */,
				4050A5B3D53E9B7112D67FCE /* Pods-Simple Moya.release.xcconfig */,
			);
			name = Pods;
			path = Pods;
			sourceTree = "<group>";
		};
/* End PBXGroup section */

/* Begin PBXNativeTarget section */
		204CA9D2270AEC91009BD818 /* Simple Moya */ = {
			isa = PBXNativeTarget;
			buildConfigurationList = 204CA9E7270AEC92009BD818 /* Build configuration list for PBXNativeTarget "Simple Moya" */;
			buildPhases = (
				0AC9DAFB819315855FF606A8 /* [CP] Check Pods Manifest.lock */,
				204CA9CF270AEC91009BD818 /* Sources */,
				204CA9D0270AEC91009BD818 /* Frameworks */,
				204CA9D1270AEC91009BD818 /* Resources */,
				D96E621AF0BAACDD18B757A9 /* [CP] Embed Pods Frameworks */,
			);
			buildRules = (
			);
			dependencies = (
			);
			name = "Simple Moya";
			productName = "Simple Moya";
			productReference = 204CA9D3270AEC91009BD818 /* Simple Moya.app */;
			productType = "com.apple.product-type.application";
		};
/* End PBXNativeTarget section */

/* Begin PBXProject section */
		204CA9CB270AEC91009BD818 /* Project object */ = {
			isa = PBXProject;
			attributes = {
				BuildIndependentTargetsInParallel = 1;
				LastSwiftUpdateCheck = 1300;
				LastUpgradeCheck = 1300;
				TargetAttributes = {
					204CA9D2270AEC91009BD818 = {
						CreatedOnToolsVersion = 13.0;
					};
				};
			};
			buildConfigurationList = 204CA9CE270AEC91009BD818 /* Build configuration list for PBXProject "Simple Moya" */;
			compatibilityVersion = "Xcode 12.0";
			developmentRegion = en;
			hasScannedForEncodings = 0;
			knownRegions = (
				en,
				Base,
			);
			mainGroup = 204CA9CA270AEC91009BD818;
			productRefGroup = 204CA9D4270AEC91009BD818 /* Products */;
			projectDirPath = "";
			projectRoot = "";
			targets = (
				204CA9D2270AEC91009BD818 /* Simple Moya */,
			);
		};
/* End PBXProject section */

/* Begin PBXResourcesBuildPhase section */
		204CA9D1270AEC91009BD818 /* Resources */ = {
			isa = PBXResourcesBuildPhase;
			buildActionMask = 2147483647;
			files = (
				204CA9E3270AEC92009BD818 /* LaunchScreen.storyboard in Resources */,
				204CA9E0270AEC92009BD818 /* Assets.xcassets in Resources */,
				204CA9DE270AEC91009BD818 /* Main.storyboard in Resources */,
			);
			runOnlyForDeploymentPostprocessing = 0;
		};
/* End PBXResourcesBuildPhase section */

/* Begin PBXShellScriptBuildPhase section */
		0AC9DAFB819315855FF606A8 /* [CP] Check Pods Manifest.lock */ = {
			isa = PBXShellScriptBuildPhase;
			buildActionMask = 2147483647;
			files = (
			);
			inputFileListPaths = (
			);
			inputPaths = (
				"${PODS_PODFILE_DIR_PATH}/Podfile.lock",
				"${PODS_ROOT}/Manifest.lock",
			);
			name = "[CP] Check Pods Manifest.lock";
			outputFileListPaths = (
			);
			outputPaths = (
				"$(DERIVED_FILE_DIR)/Pods-Simple Moya-checkManifestLockResult.txt",
			);
			runOnlyForDeploymentPostprocessing = 0;
			shellPath = /bin/sh;
			shellScript = "diff \"${PODS_PODFILE_DIR_PATH}/Podfile.lock\" \"${PODS_ROOT}/Manifest.lock\" > /dev/null\nif [ $? != 0 ] ; then\n    # print error to STDERR\n    echo \"error: The sandbox is not in sync with the Podfile.lock. Run 'pod install' or update your CocoaPods installation.\" >&2\n    exit 1\nfi\n# This output is used by Xcode 'outputs' to avoid re-running this script phase.\necho \"SUCCESS\" > \"${SCRIPT_OUTPUT_FILE_0}\"\n";
			showEnvVarsInLog = 0;
		};
		D96E621AF0BAACDD18B757A9 /* [CP] Embed Pods Frameworks */ = {
			isa = PBXShellScriptBuildPhase;
			buildActionMask = 2147483647;
			files = (
			);
			inputFileListPaths = (
				"${PODS_ROOT}/Target Support Files/Pods-Simple Moya/Pods-Simple Moya-frameworks-${CONFIGURATION}-input-files.xcfilelist",
			);
			name = "[CP] Embed Pods Frameworks";
			outputFileListPaths = (
				"${PODS_ROOT}/Target Support Files/Pods-Simple Moya/Pods-Simple Moya-frameworks-${CONFIGURATION}-output-files.xcfilelist",
			);
			runOnlyForDeploymentPostprocessing = 0;
			shellPath = /bin/sh;
			shellScript = "\"${PODS_ROOT}/Target Support Files/Pods-Simple Moya/Pods-Simple Moya-frameworks.sh\"\n";
			showEnvVarsInLog = 0;
		};
/* End PBXShellScriptBuildPhase section */

/* Begin PBXSourcesBuildPhase section */
		204CA9CF270AEC91009BD818 /* Sources */ = {
			isa = PBXSourcesBuildPhase;
			buildActionMask = 2147483647;
			files = (
				204CA9EB270AF06F009BD818 /* User.swift in Sources */,
				204CA9ED270AF445009BD818 /* UserService.swift in Sources */,
				204CA9DB270AEC91009BD818 /* ViewController.swift in Sources */,
				204CA9D7270AEC91009BD818 /* AppDelegate.swift in Sources */,
				204CA9D9270AEC91009BD818 /* SceneDelegate.swift in Sources */,
			);
			runOnlyForDeploymentPostprocessing = 0;
		};
/* End PBXSourcesBuildPhase section */

/* Begin PBXVariantGroup section */
		204CA9DC270AEC91009BD818 /* Main.storyboard */ = {
			isa = PBXVariantGroup;
			children = (
				204CA9DD270AEC91009BD818 /* Base */,
			);
			name = Main.storyboard;
			sourceTree = "<group>";
		};
		204CA9E1270AEC92009BD818 /* LaunchScreen.storyboard */ = {
			isa = PBXVariantGroup;
			children = (
				204CA9E2270AEC92009BD818 /* Base */,
			);
			name = LaunchScreen.storyboard;
			sourceTree = "<group>";
		};
/* End PBXVariantGroup section */

/* Begin XCBuildConfiguration section */
		204CA9E5270AEC92009BD818 /* Debug */ = {
			isa = XCBuildConfiguration;
			buildSettings = {
				ALWAYS_SEARCH_USER_PATHS = NO;
				CLANG_ANALYZER_NONNULL = YES;
				CLANG_ANALYZER_NUMBER_OBJECT_CONVERSION = YES_AGGRESSIVE;
				CLANG_CXX_LANGUAGE_STANDARD = "gnu++17";
				CLANG_CXX_LIBRARY = "libc++";
				CLANG_ENABLE_MODULES = YES;
				CLANG_ENABLE_OBJC_ARC = YES;
				CLANG_ENABLE_OBJC_WEAK = YES;
				CLANG_WARN_BLOCK_CAPTURE_AUTORELEASING = YES;
				CLANG_WARN_BOOL_CONVERSION = YES;
				CLANG_WARN_COMMA = YES;
				CLANG_WARN_CONSTANT_CONVERSION = YES;
				CLANG_WARN_DEPRECATED_OBJC_IMPLEMENTATIONS = YES;
				CLANG_WARN_DIRECT_OBJC_ISA_USAGE = YES_ERROR;
				CLANG_WARN_DOCUMENTATION_COMMENTS = YES;
				CLANG_WARN_EMPTY_BODY = YES;
				CLANG_WARN_ENUM_CONVERSION = YES;
				CLANG_WARN_INFINITE_RECURSION = YES;
				CLANG_WARN_INT_CONVERSION = YES;
				CLANG_WARN_NON_LITERAL_NULL_CONVERSION = YES;
				CLANG_WARN_OBJC_IMPLICIT_RETAIN_SELF = YES;
				CLANG_WARN_OBJC_LITERAL_CONVERSION = YES;
				CLANG_WARN_OBJC_ROOT_CLASS = YES_ERROR;
				CLANG_WARN_QUOTED_INCLUDE_IN_FRAMEWORK_HEADER = YES;
				CLANG_WARN_RANGE_LOOP_ANALYSIS = YES;
				CLANG_WARN_STRICT_PROTOTYPES = YES;
				CLANG_WARN_SUSPICIOUS_MOVE = YES;
				CLANG_WARN_UNGUARDED_AVAILABILITY = YES_AGGRESSIVE;
				CLANG_WARN_UNREACHABLE_CODE = YES;
				CLANG_WARN__DUPLICATE_METHOD_MATCH = YES;
				COPY_PHASE_STRIP = NO;
				DEBUG_INFORMATION_FORMAT = dwarf;
				ENABLE_STRICT_OBJC_MSGSEND = YES;
				ENABLE_TESTABILITY = YES;
				GCC_C_LANGUAGE_STANDARD = gnu11;
				GCC_DYNAMIC_NO_PIC = NO;
				GCC_NO_COMMON_BLOCKS = YES;
				GCC_OPTIMIZATION_LEVEL = 0;
				GCC_PREPROCESSOR_DEFINITIONS = (
					"DEBUG=1",
					"$(inherited)",
				);
				GCC_WARN_64_TO_32_BIT_CONVERSION = YES;
				GCC_WARN_ABOUT_RETURN_TYPE = YES_ERROR;
				GCC_WARN_UNDECLARED_SELECTOR = YES;
				GCC_WARN_UNINITIALIZED_AUTOS = YES_AGGRESSIVE;
				GCC_WARN_UNUSED_FUNCTION = YES;
				GCC_WARN_UNUSED_VARIABLE = YES;
				IPHONEOS_DEPLOYMENT_TARGET = 15.0;
				MTL_ENABLE_DEBUG_INFO = INCLUDE_SOURCE;
				MTL_FAST_MATH = YES;
				ONLY_ACTIVE_ARCH = YES;
				SDKROOT = iphoneos;
				SWIFT_ACTIVE_COMPILATION_CONDITIONS = DEBUG;
				SWIFT_OPTIMIZATION_LEVEL = "-Onone";
			};
			name = Debug;
		};
		204CA9E6270AEC92009BD818 /* Release */ = {
			isa = XCBuildConfiguration;
			buildSettings = {
				ALWAYS_SEARCH_USER_PATHS = NO;
				CLANG_ANALYZER_NONNULL = YES;
				CLANG_ANALYZER_NUMBER_OBJECT_CONVERSION = YES_AGGRESSIVE;
				CLANG_CXX_LANGUAGE_STANDARD = "gnu++17";
				CLANG_CXX_LIBRARY = "libc++";
				CLANG_ENABLE_MODULES = YES;
				CLANG_ENABLE_OBJC_ARC = YES;
				CLANG_ENABLE_OBJC_WEAK = YES;
				CLANG_WARN_BLOCK_CAPTURE_AUTORELEASING = YES;
				CLANG_WARN_BOOL_CONVERSION = YES;
				CLANG_WARN_COMMA = YES;
				CLANG_WARN_CONSTANT_CONVERSION = YES;
				CLANG_WARN_DEPRECATED_OBJC_IMPLEMENTATIONS = YES;
				CLANG_WARN_DIRECT_OBJC_ISA_USAGE = YES_ERROR;
				CLANG_WARN_DOCUMENTATION_COMMENTS = YES;
				CLANG_WARN_EMPTY_BODY = YES;
				CLANG_WARN_ENUM_CONVERSION = YES;
				CLANG_WARN_INFINITE_RECURSION = YES;
				CLANG_WARN_INT_CONVERSION = YES;
				CLANG_WARN_NON_LITERAL_NULL_CONVERSION = YES;
				CLANG_WARN_OBJC_IMPLICIT_RETAIN_SELF = YES;
				CLANG_WARN_OBJC_LITERAL_CONVERSION = YES;
				CLANG_WARN_OBJC_ROOT_CLASS = YES_ERROR;
				CLANG_WARN_QUOTED_INCLUDE_IN_FRAMEWORK_HEADER = YES;
				CLANG_WARN_RANGE_LOOP_ANALYSIS = YES;
				CLANG_WARN_STRICT_PROTOTYPES = YES;
				CLANG_WARN_SUSPICIOUS_MOVE = YES;
				CLANG_WARN_UNGUARDED_AVAILABILITY = YES_AGGRESSIVE;
				CLANG_WARN_UNREACHABLE_CODE = YES;
				CLANG_WARN__DUPLICATE_METHOD_MATCH = YES;
				COPY_PHASE_STRIP = NO;
				DEBUG_INFORMATION_FORMAT = "dwarf-with-dsym";
				ENABLE_NS_ASSERTIONS = NO;
				ENABLE_STRICT_OBJC_MSGSEND = YES;
				GCC_C_LANGUAGE_STANDARD = gnu11;
				GCC_NO_COMMON_BLOCKS = YES;
				GCC_WARN_64_TO_32_BIT_CONVERSION = YES;
				GCC_WARN_ABOUT_RETURN_TYPE = YES_ERROR;
				GCC_WARN_UNDECLARED_SELECTOR = YES;
				GCC_WARN_UNINITIALIZED_AUTOS = YES_AGGRESSIVE;
				GCC_WARN_UNUSED_FUNCTION = YES;
				GCC_WARN_UNUSED_VARIABLE = YES;
				IPHONEOS_DEPLOYMENT_TARGET = 15.0;
				MTL_ENABLE_DEBUG_INFO = NO;
				MTL_FAST_MATH = YES;
				SDKROOT = iphoneos;
				SWIFT_COMPILATION_MODE = wholemodule;
				SWIFT_OPTIMIZATION_LEVEL = "-O";
				VALIDATE_PRODUCT = YES;
			};
			name = Release;
		};
		204CA9E8270AEC92009BD818 /* Debug */ = {
			isa = XCBuildConfiguration;
			baseConfigurationReference = 6215B8841170F59F4CB756C7 /* Pods-Simple Moya.debug.xcconfig */;
			buildSettings = {
				ASSETCATALOG_COMPILER_APPICON_NAME = AppIcon;
				ASSETCATALOG_COMPILER_GLOBAL_ACCENT_COLOR_NAME = AccentColor;
				CODE_SIGN_STYLE = Automatic;
				CURRENT_PROJECT_VERSION = 1;
				DEVELOPMENT_TEAM = 935H6S6RSQ;
				GENERATE_INFOPLIST_FILE = YES;
				INFOPLIST_FILE = "Simple Moya/Info.plist";
				INFOPLIST_KEY_UIApplicationSupportsIndirectInputEvents = YES;
				INFOPLIST_KEY_UILaunchStoryboardName = LaunchScreen;
				INFOPLIST_KEY_UIMainStoryboardFile = Main;
				INFOPLIST_KEY_UISupportedInterfaceOrientations_iPad = "UIInterfaceOrientationPortrait UIInterfaceOrientationPortraitUpsideDown UIInterfaceOrientationLandscapeLeft UIInterfaceOrientationLandscapeRight";
				INFOPLIST_KEY_UISupportedInterfaceOrientations_iPhone = "UIInterfaceOrientationPortrait UIInterfaceOrientationLandscapeLeft UIInterfaceOrientationLandscapeRight";
				LD_RUNPATH_SEARCH_PATHS = (
					"$(inherited)",
					"@executable_path/Frameworks",
				);
				MARKETING_VERSION = 1.0;
				PRODUCT_BUNDLE_IDENTIFIER = "com.Nicol.firebaseIntro.Simple-Moya";
				PRODUCT_NAME = "$(TARGET_NAME)";
				SWIFT_EMIT_LOC_STRINGS = YES;
				SWIFT_VERSION = 5.0;
				TARGETED_DEVICE_FAMILY = "1,2";
			};
			name = Debug;
		};
		204CA9E9270AEC92009BD818 /* Release */ = {
			isa = XCBuildConfiguration;
			baseConfigurationReference = 4050A5B3D53E9B7112D67FCE /* Pods-Simple Moya.release.xcconfig */;
			buildSettings = {
				ASSETCATALOG_COMPILER_APPICON_NAME = AppIcon;
				ASSETCATALOG_COMPILER_GLOBAL_ACCENT_COLOR_NAME = AccentColor;
				CODE_SIGN_STYLE = Automatic;
				CURRENT_PROJECT_VERSION = 1;
				DEVELOPMENT_TEAM = 935H6S6RSQ;
				GENERATE_INFOPLIST_FILE = YES;
				INFOPLIST_FILE = "Simple Moya/Info.plist";
				INFOPLIST_KEY_UIApplicationSupportsIndirectInputEvents = YES;
				INFOPLIST_KEY_UILaunchStoryboardName = LaunchScreen;
				INFOPLIST_KEY_UIMainStoryboardFile = Main;
				INFOPLIST_KEY_UISupportedInterfaceOrientations_iPad = "UIInterfaceOrientationPortrait UIInterfaceOrientationPortraitUpsideDown UIInterfaceOrientationLandscapeLeft UIInterfaceOrientationLandscapeRight";
				INFOPLIST_KEY_UISupportedInterfaceOrientations_iPhone = "UIInterfaceOrientationPortrait UIInterfaceOrientationLandscapeLeft UIInterfaceOrientationLandscapeRight";
				LD_RUNPATH_SEARCH_PATHS = (
					"$(inherited)",
					"@executable_path/Frameworks",
				);
				MARKETING_VERSION = 1.0;
				PRODUCT_BUNDLE_IDENTIFIER = "com.Nicol.firebaseIntro.Simple-Moya";
				PRODUCT_NAME = "$(TARGET_NAME)";
				SWIFT_EMIT_LOC_STRINGS = YES;
				SWIFT_VERSION = 5.0;
				TARGETED_DEVICE_FAMILY = "1,2";
			};
			name = Release;
		};
/* End XCBuildConfiguration section */

/* Begin XCConfigurationList section */
		204CA9CE270AEC91009BD818 /* Build configuration list for PBXProject "Simple Moya" */ = {
			isa = XCConfigurationList;
			buildConfigurations = (
				204CA9E5270AEC92009BD818 /* Debug */,
				204CA9E6270AEC92009BD818 /* Release */,
			);
			defaultConfigurationIsVisible = 0;
			defaultConfigurationName = Release;
		};
		204CA9E7270AEC92009BD818 /* Build configuration list for PBXNativeTarget "Simple Moya" */ = {
			isa = XCConfigurationList;
			buildConfigurations = (
				204CA9E8270AEC92009BD818 /* Debug */,
				204CA9E9270AEC92009BD818 /* Release */,
			);
			defaultConfigurationIsVisible = 0;
			defaultConfigurationName = Release;
		};
/* End XCConfigurationList section */
	};
	rootObject = 204CA9CB270AEC91009BD818 /* Project object */;
}
